# THIS IS AN AUTOGENERATED FILE. DO NOT EDIT THIS FILE DIRECTLY.
# yarn lockfile v1


"@tailwindcss/forms@^0.3.4":
  version "0.3.4"
  resolved "https://registry.yarnpkg.com/@tailwindcss/forms/-/forms-0.3.4.tgz#e4939dc16450eccf4fd2029770096f38cbb556d4"
  integrity sha512-vlAoBifNJUkagB+PAdW4aHMe4pKmSLroH398UPgIogBFc91D2VlHUxe4pjxQhiJl0Nfw53sHSJSQBSTQBZP3vA==
  dependencies:
    mini-svg-data-uri "^1.2.3"

mini-svg-data-uri@^1.2.3:
  version "1.4.3"
  resolved "https://registry.yarnpkg.com/mini-svg-data-uri/-/mini-svg-data-uri-1.4.3.tgz#43177b2e93766ba338931a3e2a84a3dfd3a222b8"
  integrity sha512-gSfqpMRC8IxghvMcxzzmMnWpXAChSA+vy4cia33RgerMS8Fex95akUyQZPbxJJmeBGiGmK7n/1OpUX8ksRjIdA==
